
Microsoft Visual Studio Solution File, Format Version 12.00
# Visual Studio Version 17
VisualStudioVersion = 17.11.35303.130
MinimumVisualStudioVersion = 10.0.40219.1
Project("{FAE04EC0-301F-11D3-BF4B-00C04F79EFBC}") = "23DH111495_MyStore", "23DH111495_MyStore\23DH111495_MyStore.csproj", "{A68BD9BB-E166-43BB-AAD9-001041F48344}"
EndProject
Global
	GlobalSection(SolutionConfigurationPlatforms) = preSolution
		Debug|Any CPU = Debug|Any CPU
		Release|Any CPU = Release|Any CPU
	EndGlobalSection
	GlobalSection(ProjectConfigurationPlatforms) = postSolution
		{A68BD9BB-E166-43BB-AAD9-001041F48344}.Debug|Any CPU.ActiveCfg = Debug|Any CPU
		{A68BD9BB-E166-43BB-AAD9-001041F48344}.Debug|Any CPU.Build.0 = Debug|Any CPU
		{A68BD9BB-E166-43BB-AAD9-001041F48344}.Release|Any CPU.ActiveCfg = Release|Any CPU
		{A68BD9BB-E166-43BB-AAD9-001041F48344}.Release|Any CPU.Build.0 = Release|Any CPU
	EndGlobalSection
	GlobalSection(SolutionProperties) = preSolution
		HideSolutionNode = FALSE
	EndGlobalSection
	GlobalSection(ExtensibilityGlobals) = postSolution
		SolutionGuid = {A2E53AE1-D64B-4DDE-BE5A-CB7DC354197A}
	EndGlobalSection
EndGlobal
